<?xml version="1.0" encoding="utf-8"?>
<Project ToolsVersion="4.0" xmlns="http://schemas.microsoft.com/developer/msbuild/2003">
  <ItemGroup>
    <Filter Include="Source Files">
      <UniqueIdentifier>{4FC737F1-C7A5-4376-A066-2A32D752A2FF}</UniqueIdentifier>
      <Extensions>cpp;c;cc;cxx;def;odl;idl;hpj;bat;asm;asmx</Extensions>
    </Filter>
    <Filter Include="Header Files">
      <UniqueIdentifier>{93995380-89BD-4b04-88EB-625FBE52EBFB}</UniqueIdentifier>
      <Extensions>h;hh;hpp;hxx;hm;inl;inc;ipp;xsd</Extensions>
    </Filter>
    <Filter Include="Resource Files">
      <UniqueIdentifier>{67DA6AB6-F800-4c08-8B7A-83BB121AAD01}</UniqueIdentifier>
      <Extensions>rc;ico;cur;bmp;dlg;rc2;rct;bin;rgs;gif;jpg;jpeg;jpe;resx;tiff;tif;png;wav;mfcribbon-ms</Extensions>
    </Filter>
    <Filter Include="Object">
      <UniqueIdentifier>{01762f8d-4043-425c-bc63-6747fdbc0971}</UniqueIdentifier>
    </Filter>
    <Filter Include="Object\Item">
      <UniqueIdentifier>{9edfa356-07a4-4a79-8d4a-b699707307f9}</UniqueIdentifier>
    </Filter>
    <Filter Include="Object\Candle">
      <UniqueIdentifier>{016e66db-47c2-42f5-bb77-4555b2ee627c}</UniqueIdentifier>
    </Filter>
    <Filter Include="Object\Torch">
      <UniqueIdentifier>{bd0138f6-247a-4742-b955-1c6293f6875d}</UniqueIdentifier>
    </Filter>
    <Filter Include="Object\Weapon">
      <UniqueIdentifier>{b635ae8b-569a-450b-a9e6-85bda508b790}</UniqueIdentifier>
    </Filter>
    <Filter Include="Scence">
      <UniqueIdentifier>{af456b5e-987f-4e22-95b4-ab3d8a62120a}</UniqueIdentifier>
    </Filter>
    <Filter Include="Object\Simon">
      <UniqueIdentifier>{0cef80d2-f5f3-43f1-92e9-8ab036c6fe89}</UniqueIdentifier>
    </Filter>
    <Filter Include="Object\Stair">
      <UniqueIdentifier>{759da2e0-f412-4937-8e91-009cc89a4a61}</UniqueIdentifier>
    </Filter>
  </ItemGroup>
  <ItemGroup>
    <ClCompile Include="main.cpp">
      <Filter>Source Files</Filter>
    </ClCompile>
    <ClCompile Include="Game.cpp">
      <Filter>Source Files</Filter>
    </ClCompile>
    <ClCompile Include="Sprites.cpp">
      <Filter>Source Files</Filter>
    </ClCompile>
    <ClCompile Include="Textures.cpp">
      <Filter>Source Files</Filter>
    </ClCompile>
    <ClCompile Include="Brick.cpp">
      <Filter>Source Files</Filter>
    </ClCompile>
    <ClCompile Include="Map.cpp">
      <Filter>Source Files</Filter>
    </ClCompile>
    <ClCompile Include="KeyEventHandeler.cpp">
      <Filter>Source Files</Filter>
    </ClCompile>
    <ClCompile Include="Utils.cpp">
      <Filter>Source Files</Filter>
    </ClCompile>
    <ClCompile Include="Animations.cpp">
      <Filter>Source Files</Filter>
    </ClCompile>
    <ClCompile Include="Goomba.cpp">
      <Filter>Source Files</Filter>
    </ClCompile>
    <ClCompile Include="Koopas.cpp">
      <Filter>Source Files</Filter>
    </ClCompile>
    <ClCompile Include="Item.cpp">
      <Filter>Object\Item</Filter>
    </ClCompile>
    <ClCompile Include="Candle.cpp">
      <Filter>Object\Candle</Filter>
    </ClCompile>
    <ClCompile Include="Torch.cpp">
      <Filter>Object\Torch</Filter>
    </ClCompile>
    <ClCompile Include="ScenceManager.cpp">
      <Filter>Scence</Filter>
    </ClCompile>
    <ClCompile Include="ScenceGame.cpp">
      <Filter>Scence</Filter>
    </ClCompile>
    <ClCompile Include="Portal.cpp">
      <Filter>Scence</Filter>
    </ClCompile>
    <ClCompile Include="Weapon.cpp">
      <Filter>Object\Weapon</Filter>
    </ClCompile>
    <ClCompile Include="GameObject.cpp">
      <Filter>Object</Filter>
    </ClCompile>
    <ClCompile Include="Simon.cpp">
      <Filter>Object\Simon</Filter>
    </ClCompile>
    <ClCompile Include="Stair.cpp">
      <Filter>Object\Stair</Filter>
    </ClCompile>
  </ItemGroup>
  <ItemGroup>
    <ClInclude Include="Game.h">
      <Filter>Header Files</Filter>
    </ClInclude>
    <ClInclude Include="Sprites.h">
      <Filter>Header Files</Filter>
    </ClInclude>
    <ClInclude Include="Textures.h">
      <Filter>Header Files</Filter>
    </ClInclude>
    <ClInclude Include="Brick.h">
      <Filter>Header Files</Filter>
    </ClInclude>
    <ClInclude Include="Map.h">
      <Filter>Header Files</Filter>
    </ClInclude>
    <ClInclude Include="define.h">
      <Filter>Header Files</Filter>
    </ClInclude>
    <ClInclude Include="KeyEventHandler.h">
      <Filter>Header Files</Filter>
    </ClInclude>
    <ClInclude Include="Utils.h">
      <Filter>Header Files</Filter>
    </ClInclude>
    <ClInclude Include="Animations.h">
      <Filter>Header Files</Filter>
    </ClInclude>
    <ClInclude Include="Goomba.h">
      <Filter>Header Files</Filter>
    </ClInclude>
    <ClInclude Include="Koopas.h">
      <Filter>Header Files</Filter>
    </ClInclude>
    <ClInclude Include="Item.h">
      <Filter>Object\Item</Filter>
    </ClInclude>
    <ClInclude Include="Candle.h">
      <Filter>Object\Candle</Filter>
    </ClInclude>
    <ClInclude Include="Torch.h">
      <Filter>Object\Torch</Filter>
    </ClInclude>
    <ClInclude Include="ScenceGame.h">
      <Filter>Scence</Filter>
    </ClInclude>
    <ClInclude Include="ScenceManager.h">
      <Filter>Scence</Filter>
    </ClInclude>
    <ClInclude Include="Portal.h">
      <Filter>Scence</Filter>
    </ClInclude>
    <ClInclude Include="Weapon.h">
      <Filter>Object\Weapon</Filter>
    </ClInclude>
    <ClInclude Include="GameObject.h">
      <Filter>Object</Filter>
    </ClInclude>
    <ClInclude Include="Simon.h">
      <Filter>Object\Simon</Filter>
    </ClInclude>
    <ClInclude Include="Stair.h">
      <Filter>Object\Stair</Filter>
    </ClInclude>
  </ItemGroup>
</Project>